
Microsoft Visual Studio Solution File, Format Version 12.00
# Visual Studio Version 17
VisualStudioVersion = 17.3.32929.385
MinimumVisualStudioVersion = 10.0.40219.1
Project("{9A19103F-16F7-4668-BE54-9A1E7A4F7556}") = "efilling_api", "efilling_api\efilling_api.csproj", "{E109FF83-CEE4-4828-865A-BD41FC466536}"
EndProject
Project("{FAE04EC0-301F-11D3-BF4B-00C04F79EFBC}") = "tyler_web_app", "tyler_web_app\tyler_web_app.csproj", "{71F60CA6-7041-445B-9557-DC0441E9D960}"
EndProject
Global
	GlobalSection(SolutionConfigurationPlatforms) = preSolution
		Debug|Any CPU = Debug|Any CPU
		Release|Any CPU = Release|Any CPU
	EndGlobalSection
	GlobalSection(ProjectConfigurationPlatforms) = postSolution
		{E109FF83-CEE4-4828-865A-BD41FC466536}.Debug|Any CPU.ActiveCfg = Debug|Any CPU
		{E109FF83-CEE4-4828-865A-BD41FC466536}.Debug|Any CPU.Build.0 = Debug|Any CPU
		{E109FF83-CEE4-4828-865A-BD41FC466536}.Release|Any CPU.ActiveCfg = Release|Any CPU
		{E109FF83-CEE4-4828-865A-BD41FC466536}.Release|Any CPU.Build.0 = Release|Any CPU
		{71F60CA6-7041-445B-9557-DC0441E9D960}.Debug|Any CPU.ActiveCfg = Debug|Any CPU
		{71F60CA6-7041-445B-9557-DC0441E9D960}.Debug|Any CPU.Build.0 = Debug|Any CPU
		{71F60CA6-7041-445B-9557-DC0441E9D960}.Release|Any CPU.ActiveCfg = Release|Any CPU
		{71F60CA6-7041-445B-9557-DC0441E9D960}.Release|Any CPU.Build.0 = Release|Any CPU
	EndGlobalSection
	GlobalSection(SolutionProperties) = preSolution
		HideSolutionNode = FALSE
	EndGlobalSection
	GlobalSection(ExtensibilityGlobals) = postSolution
		SolutionGuid = {5A6A2D21-8AD9-4EF0-A4BE-93CABC1CAB46}
	EndGlobalSection
EndGlobal
